
Microsoft Visual Studio Solution File, Format Version 12.00
# Visual Studio Version 16
VisualStudioVersion = 16.0.31424.327
MinimumVisualStudioVersion = 10.0.40219.1
Project("{FAE04EC0-301F-11D3-BF4B-00C04F79EFBC}") = "01-Struktury", "01-Struktury\01-Struktury.csproj", "{4256E19A-A6FE-4553-8347-ADF7E6809A17}"
EndProject
Project("{FAE04EC0-301F-11D3-BF4B-00C04F79EFBC}") = "02-Metody", "02-Metody\02-Metody.csproj", "{22CBA072-7E34-4DD8-AFF5-F01CAD4A77F5}"
EndProject
Global
	GlobalSection(SolutionConfigurationPlatforms) = preSolution
		Debug|Any CPU = Debug|Any CPU
		Release|Any CPU = Release|Any CPU
	EndGlobalSection
	GlobalSection(ProjectConfigurationPlatforms) = postSolution
		{4256E19A-A6FE-4553-8347-ADF7E6809A17}.Debug|Any CPU.ActiveCfg = Debug|Any CPU
		{4256E19A-A6FE-4553-8347-ADF7E6809A17}.Debug|Any CPU.Build.0 = Debug|Any CPU
		{4256E19A-A6FE-4553-8347-ADF7E6809A17}.Release|Any CPU.ActiveCfg = Release|Any CPU
		{4256E19A-A6FE-4553-8347-ADF7E6809A17}.Release|Any CPU.Build.0 = Release|Any CPU
		{22CBA072-7E34-4DD8-AFF5-F01CAD4A77F5}.Debug|Any CPU.ActiveCfg = Debug|Any CPU
		{22CBA072-7E34-4DD8-AFF5-F01CAD4A77F5}.Debug|Any CPU.Build.0 = Debug|Any CPU
		{22CBA072-7E34-4DD8-AFF5-F01CAD4A77F5}.Release|Any CPU.ActiveCfg = Release|Any CPU
		{22CBA072-7E34-4DD8-AFF5-F01CAD4A77F5}.Release|Any CPU.Build.0 = Release|Any CPU
	EndGlobalSection
	GlobalSection(SolutionProperties) = preSolution
		HideSolutionNode = FALSE
	EndGlobalSection
	GlobalSection(ExtensibilityGlobals) = postSolution
		SolutionGuid = {8FC74EE0-0AFD-4D5E-8D42-C6D32D9AE5E3}
	EndGlobalSection
EndGlobal
